// !$*UTF8*$!
{
	archiveVersion = 1;
	classes = {
	};
	objectVersion = 46;
	objects = {

/* Begin PBXBuildFile section */
		B858B3D61C0FE21B00E5C387 /* AppDelegate.swift in Sources */ = {isa = PBXBuildFile; fileRef = B858B3D51C0FE21B00E5C387 /* AppDelegate.swift */; };
		B858B3D81C0FE21B00E5C387 /* ViewController.swift in Sources */ = {isa = PBXBuildFile; fileRef = B858B3D71C0FE21B00E5C387 /* ViewController.swift */; };
		B858B3DB1C0FE21B00E5C387 /* Main.storyboard in Resources */ = {isa = PBXBuildFile; fileRef = B858B3D91C0FE21B00E5C387 /* Main.storyboard */; };
		B858B3DD1C0FE21B00E5C387 /* Assets.xcassets in Resources */ = {isa = PBXBuildFile; fileRef = B858B3DC1C0FE21B00E5C387 /* Assets.xcassets */; };
		B858B3E01C0FE21B00E5C387 /* LaunchScreen.storyboard in Resources */ = {isa = PBXBuildFile; fileRef = B858B3DE1C0FE21B00E5C387 /* LaunchScreen.storyboard */; };
		B858B3EB1C0FE21B00E5C387 /* DispatchSwiftTests.swift in Sources */ = {isa = PBXBuildFile; fileRef = B858B3EA1C0FE21B00E5C387 /* DispatchSwiftTests.swift */; };
		B8EB37551C11074D00427E36 /* Dispatch.swift in Sources */ = {isa = PBXBuildFile; fileRef = B8EB37541C11074D00427E36 /* Dispatch.swift */; };
/* End PBXBuildFile section */

/* Begin PBXContainerItemProxy section */
		B858B3E71C0FE21B00E5C387 /* PBXContainerItemProxy */ = {
			isa = PBXContainerItemProxy;
			containerPortal = B858B3CA1C0FE21B00E5C387 /* Project object */;
			proxyType = 1;
			remoteGlobalIDString = B858B3D11C0FE21B00E5C387;
			remoteInfo = DispatchSwift;
		};
/* End PBXContainerItemProxy section */

/* Begin PBXFileReference section */
		B858B3D21C0FE21B00E5C387 /* DispatchSwift.app */ = {isa = PBXFileReference; explicitFileType = wrapper.application; includeInIndex = 0; path = DispatchSwift.app; sourceTree = BUILT_PRODUCTS_DIR; };
		B858B3D51C0FE21B00E5C387 /* AppDelegate.swift */ = {isa = PBXFileReference; lastKnownFileType = sourcecode.swift; path = AppDelegate.swift; sourceTree = "<group>"; };
		B858B3D71C0FE21B00E5C387 /* ViewController.swift */ = {isa = PBXFileReference; lastKnownFileType = sourcecode.swift; path = ViewController.swift; sourceTree = "<group>"; };
		B858B3DA1C0FE21B00E5C387 /* Base */ = {isa = PBXFileReference; lastKnownFileType = file.storyboard; name = Base; path = Base.lproj/Main.storyboard; sourceTree = "<group>"; };
		B858B3DC1C0FE21B00E5C387 /* Assets.xcassets */ = {isa = PBXFileReference; lastKnownFileType = folder.assetcatalog; path = Assets.xcassets; sourceTree = "<group>"; };
		B858B3DF1C0FE21B00E5C387 /* Base */ = {isa = PBXFileReference; lastKnownFileType = file.storyboard; name = Base; path = Base.lproj/LaunchScreen.storyboard; sourceTree = "<group>"; };
		B858B3E11C0FE21B00E5C387 /* Info.plist */ = {isa = PBXFileReference; lastKnownFileType = text.plist.xml; path = Info.plist; sourceTree = "<group>"; };
		B858B3E61C0FE21B00E5C387 /* DispatchSwiftTests.xctest */ = {isa = PBXFileReference; explicitFileType = wrapper.cfbundle; includeInIndex = 0; path = DispatchSwiftTests.xctest; sourceTree = BUILT_PRODUCTS_DIR; };
		B858B3EA1C0FE21B00E5C387 /* DispatchSwiftTests.swift */ = {isa = PBXFileReference; lastKnownFileType = sourcecode.swift; path = DispatchSwiftTests.swift; sourceTree = "<group>"; };
		B858B3EC1C0FE21B00E5C387 /* Info.plist */ = {isa = PBXFileReference; lastKnownFileType = text.plist.xml; path = Info.plist; sourceTree = "<group>"; };
		B8EB37541C11074D00427E36 /* Dispatch.swift */ = {isa = PBXFileReference; fileEncoding = 4; lastKnownFileType = sourcecode.swift; path = Dispatch.swift; sourceTree = "<group>"; };
/* End PBXFileReference section */

/* Begin PBXFrameworksBuildPhase section */
		B858B3CF1C0FE21B00E5C387 /* Frameworks */ = {
			isa = PBXFrameworksBuildPhase;
			buildActionMask = 2147483647;
			files = (
			);
			runOnlyForDeploymentPostprocessing = 0;
		};
		B858B3E31C0FE21B00E5C387 /* Frameworks */ = {
			isa = PBXFrameworksBuildPhase;
			buildActionMask = 2147483647;
			files = (
			);
			runOnlyForDeploymentPostprocessing = 0;
		};
/* End PBXFrameworksBuildPhase section */

/* Begin PBXGroup section */
		B858B3C91C0FE21B00E5C387 = {
			isa = PBXGroup;
			children = (
				B858B3D41C0FE21B00E5C387 /* DispatchSwift */,
				B858B3E91C0FE21B00E5C387 /* DispatchSwiftTests */,
				B858B3D31C0FE21B00E5C387 /* Products */,
			);
			sourceTree = "<group>";
		};
		B858B3D31C0FE21B00E5C387 /* Products */ = {
			isa = PBXGroup;
			children = (
				B858B3D21C0FE21B00E5C387 /* DispatchSwift.app */,
				B858B3E61C0FE21B00E5C387 /* DispatchSwiftTests.xctest */,
			);
			name = Products;
			sourceTree = "<group>";
		};
		B858B3D41C0FE21B00E5C387 /* DispatchSwift */ = {
			isa = PBXGroup;
			children = (
				B858B3D71C0FE21B00E5C387 /* ViewController.swift */,
				B8EB37541C11074D00427E36 /* Dispatch.swift */,
				B858B3F51C0FE22A00E5C387 /* Supporting Files */,
			);
			path = DispatchSwift;
			sourceTree = "<group>";
		};
		B858B3E91C0FE21B00E5C387 /* DispatchSwiftTests */ = {
			isa = PBXGroup;
			children = (
				B858B3EA1C0FE21B00E5C387 /* DispatchSwiftTests.swift */,
				B858B3EC1C0FE21B00E5C387 /* Info.plist */,
			);
			path = DispatchSwiftTests;
			sourceTree = "<group>";
		};
		B858B3F51C0FE22A00E5C387 /* Supporting Files */ = {
			isa = PBXGroup;
			children = (
				B858B3D51C0FE21B00E5C387 /* AppDelegate.swift */,
				B858B3D91C0FE21B00E5C387 /* Main.storyboard */,
				B858B3DC1C0FE21B00E5C387 /* Assets.xcassets */,
				B858B3DE1C0FE21B00E5C387 /* LaunchScreen.storyboard */,
				B858B3E11C0FE21B00E5C387 /* Info.plist */,
			);
			name = "Supporting Files";
			sourceTree = "<group>";
		};
/* End PBXGroup section */

/* Begin PBXNativeTarget section */
		B858B3D11C0FE21B00E5C387 /* DispatchSwift */ = {
			isa = PBXNativeTarget;
			buildConfigurationList = B858B3EF1C0FE21B00E5C387 /* Build configuration list for PBXNativeTarget "DispatchSwift" */;
			buildPhases = (
				B858B3CE1C0FE21B00E5C387 /* Sources */,
				B858B3CF1C0FE21B00E5C387 /* Frameworks */,
				B858B3D01C0FE21B00E5C387 /* Resources */,
			);
			buildRules = (
			);
			dependencies = (
			);
			name = DispatchSwift;
			productName = DispatchSwift;
			productReference = B858B3D21C0FE21B00E5C387 /* DispatchSwift.app */;
			productType = "com.apple.product-type.application";
		};
		B858B3E51C0FE21B00E5C387 /* DispatchSwiftTests */ = {
			isa = PBXNativeTarget;
			buildConfigurationList = B858B3F21C0FE21B00E5C387 /* Build configuration list for PBXNativeTarget "DispatchSwiftTests" */;
			buildPhases = (
				B858B3E21C0FE21B00E5C387 /* Sources */,
				B858B3E31C0FE21B00E5C387 /* Frameworks */,
				B858B3E41C0FE21B00E5C387 /* Resources */,
			);
			buildRules = (
			);
			dependencies = (
				B858B3E81C0FE21B00E5C387 /* PBXTargetDependency */,
			);
			name = DispatchSwiftTests;
			productName = DispatchSwiftTests;
			productReference = B858B3E61C0FE21B00E5C387 /* DispatchSwiftTests.xctest */;
			productType = "com.apple.product-type.bundle.unit-test";
		};
/* End PBXNativeTarget section */

/* Begin PBXProject section */
		B858B3CA1C0FE21B00E5C387 /* Project object */ = {
			isa = PBXProject;
			attributes = {
				LastSwiftUpdateCheck = 0710;
				LastUpgradeCheck = 0710;
				ORGANIZATIONNAME = abarba.me;
				TargetAttributes = {
					B858B3D11C0FE21B00E5C387 = {
						CreatedOnToolsVersion = 7.1.1;
					};
					B858B3E51C0FE21B00E5C387 = {
						CreatedOnToolsVersion = 7.1.1;
						TestTargetID = B858B3D11C0FE21B00E5C387;
					};
				};
			};
			buildConfigurationList = B858B3CD1C0FE21B00E5C387 /* Build configuration list for PBXProject "DispatchSwift" */;
			compatibilityVersion = "Xcode 3.2";
			developmentRegion = English;
			hasScannedForEncodings = 0;
			knownRegions = (
				en,
				Base,
			);
			mainGroup = B858B3C91C0FE21B00E5C387;
			productRefGroup = B858B3D31C0FE21B00E5C387 /* Products */;
			projectDirPath = "";
			projectRoot = "";
			targets = (
				B858B3D11C0FE21B00E5C387 /* DispatchSwift */,
				B858B3E51C0FE21B00E5C387 /* DispatchSwiftTests */,
			);
		};
/* End PBXProject section */

/* Begin PBXResourcesBuildPhase section */
		B858B3D01C0FE21B00E5C387 /* Resources */ = {
			isa = PBXResourcesBuildPhase;
			buildActionMask = 2147483647;
			files = (
				B858B3E01C0FE21B00E5C387 /* LaunchScreen.storyboard in Resources */,
				B858B3DD1C0FE21B00E5C387 /* Assets.xcassets in Resources */,
				B858B3DB1C0FE21B00E5C387 /* Main.storyboard in Resources */,
			);
			runOnlyForDeploymentPostprocessing = 0;
		};
		B858B3E41C0FE21B00E5C387 /* Resources */ = {
			isa = PBXResourcesBuildPhase;
			buildActionMask = 2147483647;
			files = (
			);
			runOnlyForDeploymentPostprocessing = 0;
		};
/* End PBXResourcesBuildPhase section */

/* Begin PBXSourcesBuildPhase section */
		B858B3CE1C0FE21B00E5C387 /* Sources */ = {
			isa = PBXSourcesBuildPhase;
			buildActionMask = 2147483647;
			files = (
				B8EB37551C11074D00427E36 /* Dispatch.swift in Sources */,
				B858B3D81C0FE21B00E5C387 /* ViewController.swift in Sources */,
				B858B3D61C0FE21B00E5C387 /* AppDelegate.swift in Sources */,
			);
			runOnlyForDeploymentPostprocessing = 0;
		};
		B858B3E21C0FE21B00E5C387 /* Sources */ = {
			isa = PBXSourcesBuildPhase;
			buildActionMask = 2147483647;
			files = (
				B858B3EB1C0FE21B00E5C387 /* DispatchSwiftTests.swift in Sources */,
			);
			runOnlyForDeploymentPostprocessing = 0;
		};
/* End PBXSourcesBuildPhase section */

/* Begin PBXTargetDependency section */
		B858B3E81C0FE21B00E5C387 /* PBXTargetDependency */ = {
			isa = PBXTargetDependency;
			target = B858B3D11C0FE21B00E5C387 /* DispatchSwift */;
			targetProxy = B858B3E71C0FE21B00E5C387 /* PBXContainerItemProxy */;
		};
/* End PBXTargetDependency section */

/* Begin PBXVariantGroup section */
		B858B3D91C0FE21B00E5C387 /* Main.storyboard */ = {
			isa = PBXVariantGroup;
			children = (
				B858B3DA1C0FE21B00E5C387 /* Base */,
			);
			name = Main.storyboard;
			sourceTree = "<group>";
		};
		B858B3DE1C0FE21B00E5C387 /* LaunchScreen.storyboard */ = {
			isa = PBXVariantGroup;
			children = (
				B858B3DF1C0FE21B00E5C387 /* Base */,
			);
			name = LaunchScreen.storyboard;
			sourceTree = "<group>";
		};
/* End PBXVariantGroup section */

/* Begin XCBuildConfiguration section */
		B858B3ED1C0FE21B00E5C387 /* Debug */ = {
			isa = XCBuildConfiguration;
			buildSettings = {
				ALWAYS_SEARCH_USER_PATHS = NO;
				CLANG_CXX_LANGUAGE_STANDARD = "gnu++0x";
				CLANG_CXX_LIBRARY = "libc++";
				CLANG_ENABLE_MODULES = YES;
				CLANG_ENABLE_OBJC_ARC = YES;
				CLANG_WARN_BOOL_CONVERSION = YES;
				CLANG_WARN_CONSTANT_CONVERSION = YES;
				CLANG_WARN_DIRECT_OBJC_ISA_USAGE = YES_ERROR;
				CLANG_WARN_EMPTY_BODY = YES;
				CLANG_WARN_ENUM_CONVERSION = YES;
				CLANG_WARN_INT_CONVERSION = YES;
				CLANG_WARN_OBJC_ROOT_CLASS = YES_ERROR;
				CLANG_WARN_UNREACHABLE_CODE = YES;
				CLANG_WARN__DUPLICATE_METHOD_MATCH = YES;
				"CODE_SIGN_IDENTITY[sdk=iphoneos*]" = "iPhone Developer";
				COPY_PHASE_STRIP = NO;
				DEBUG_INFORMATION_FORMAT = dwarf;
				ENABLE_STRICT_OBJC_MSGSEND = YES;
				ENABLE_TESTABILITY = YES;
				GCC_C_LANGUAGE_STANDARD = gnu99;
				GCC_DYNAMIC_NO_PIC = NO;
				GCC_NO_COMMON_BLOCKS = YES;
				GCC_OPTIMIZATION_LEVEL = 0;
				GCC_PREPROCESSOR_DEFINITIONS = (
					"DEBUG=1",
					"$(inherited)",
				);
				GCC_WARN_64_TO_32_BIT_CONVERSION = YES;
				GCC_WARN_ABOUT_RETURN_TYPE = YES_ERROR;
				GCC_WARN_UNDECLARED_SELECTOR = YES;
				GCC_WARN_UNINITIALIZED_AUTOS = YES_AGGRESSIVE;
				GCC_WARN_UNUSED_FUNCTION = YES;
				GCC_WARN_UNUSED_VARIABLE = YES;
				IPHONEOS_DEPLOYMENT_TARGET = 9.1;
				MTL_ENABLE_DEBUG_INFO = YES;
				ONLY_ACTIVE_ARCH = YES;
				SDKROOT = iphoneos;
				SWIFT_OPTIMIZATION_LEVEL = "-Onone";
				TARGETED_DEVICE_FAMILY = "1,2";
			};
			name = Debug;
		};
		B858B3EE1C0FE21B00E5C387 /* Release */ = {
			isa = XCBuildConfiguration;
			buildSettings = {
				ALWAYS_SEARCH_USER_PATHS = NO;
				CLANG_CXX_LANGUAGE_STANDARD = "gnu++0x";
				CLANG_CXX_LIBRARY = "libc++";
				CLANG_ENABLE_MODULES = YES;
				CLANG_ENABLE_OBJC_ARC = YES;
				CLANG_WARN_BOOL_CONVERSION = YES;
				CLANG_WARN_CONSTANT_CONVERSION = YES;
				CLANG_WARN_DIRECT_OBJC_ISA_USAGE = YES_ERROR;
				CLANG_WARN_EMPTY_BODY = YES;
				CLANG_WARN_ENUM_CONVERSION = YES;
				CLANG_WARN_INT_CONVERSION = YES;
				CLANG_WARN_OBJC_ROOT_CLASS = YES_ERROR;
				CLANG_WARN_UNREACHABLE_CODE = YES;
				CLANG_WARN__DUPLICATE_METHOD_MATCH = YES;
				"CODE_SIGN_IDENTITY[sdk=iphoneos*]" = "iPhone Developer";
				COPY_PHASE_STRIP = NO;
				DEBUG_INFORMATION_FORMAT = "dwarf-with-dsym";
				ENABLE_NS_ASSERTIONS = NO;
				ENABLE_STRICT_OBJC_MSGSEND = YES;
				GCC_C_LANGUAGE_STANDARD = gnu99;
				GCC_NO_COMMON_BLOCKS = YES;
				GCC_WARN_64_TO_32_BIT_CONVERSION = YES;
				GCC_WARN_ABOUT_RETURN_TYPE = YES_ERROR;
				GCC_WARN_UNDECLARED_SELECTOR = YES;
				GCC_WARN_UNINITIALIZED_AUTOS = YES_AGGRESSIVE;
				GCC_WARN_UNUSED_FUNCTION = YES;
				GCC_WARN_UNUSED_VARIABLE = YES;
				IPHONEOS_DEPLOYMENT_TARGET = 9.1;
				MTL_ENABLE_DEBUG_INFO = NO;
				SDKROOT = iphoneos;
				TARGETED_DEVICE_FAMILY = "1,2";
				VALIDATE_PRODUCT = YES;
			};
			name = Release;
		};
		B858B3F01C0FE21B00E5C387 /* Debug */ = {
			isa = XCBuildConfiguration;
			buildSettings = {
				ASSETCATALOG_COMPILER_APPICON_NAME = AppIcon;
				INFOPLIST_FILE = DispatchSwift/Info.plist;
				LD_RUNPATH_SEARCH_PATHS = "$(inherited) @executable_path/Frameworks";
				PRODUCT_BUNDLE_IDENTIFIER = com.abarba.DispatchSwift;
				PRODUCT_NAME = "$(TARGET_NAME)";
			};
			name = Debug;
		};
		B858B3F11C0FE21B00E5C387 /* Release */ = {
			isa = XCBuildConfiguration;
			buildSettings = {
				ASSETCATALOG_COMPILER_APPICON_NAME = AppIcon;
				INFOPLIST_FILE = DispatchSwift/Info.plist;
				LD_RUNPATH_SEARCH_PATHS = "$(inherited) @executable_path/Frameworks";
				PRODUCT_BUNDLE_IDENTIFIER = com.abarba.DispatchSwift;
				PRODUCT_NAME = "$(TARGET_NAME)";
			};
			name = Release;
		};
		B858B3F31C0FE21B00E5C387 /* Debug */ = {
			isa = XCBuildConfiguration;
			buildSettings = {
				BUNDLE_LOADER = "$(TEST_HOST)";
				INFOPLIST_FILE = DispatchSwiftTests/Info.plist;
				LD_RUNPATH_SEARCH_PATHS = "$(inherited) @executable_path/Frameworks @loader_path/Frameworks";
				PRODUCT_BUNDLE_IDENTIFIER = com.abarba.DispatchSwiftTests;
				PRODUCT_NAME = "$(TARGET_NAME)";
				TEST_HOST = "$(BUILT_PRODUCTS_DIR)/DispatchSwift.app/DispatchSwift";
			};
			name = Debug;
		};
		B858B3F41C0FE21B00E5C387 /* Release */ = {
			isa = XCBuildConfiguration;
			buildSettings = {
				BUNDLE_LOADER = "$(TEST_HOST)";
				INFOPLIST_FILE = DispatchSwiftTests/Info.plist;
				LD_RUNPATH_SEARCH_PATHS = "$(inherited) @executable_path/Frameworks @loader_path/Frameworks";
				PRODUCT_BUNDLE_IDENTIFIER = com.abarba.DispatchSwiftTests;
				PRODUCT_NAME = "$(TARGET_NAME)";
				TEST_HOST = "$(BUILT_PRODUCTS_DIR)/DispatchSwift.app/DispatchSwift";
			};
			name = Release;
		};
/* End XCBuildConfiguration section */

/* Begin XCConfigurationList section */
		B858B3CD1C0FE21B00E5C387 /* Build configuration list for PBXProject "DispatchSwift" */ = {
			isa = XCConfigurationList;
			buildConfigurations = (
				B858B3ED1C0FE21B00E5C387 /* Debug */,
				B858B3EE1C0FE21B00E5C387 /* Release */,
			);
			defaultConfigurationIsVisible = 0;
			defaultConfigurationName = Release;
		};
		B858B3EF1C0FE21B00E5C387 /* Build configuration list for PBXNativeTarget "DispatchSwift" */ = {
			isa = XCConfigurationList;
			buildConfigurations = (
				B858B3F01C0FE21B00E5C387 /* Debug */,
				B858B3F11C0FE21B00E5C387 /* Release */,
			);
			defaultConfigurationIsVisible = 0;
			defaultConfigurationName = Release;
		};
		B858B3F21C0FE21B00E5C387 /* Build configuration list for PBXNativeTarget "DispatchSwiftTests" */ = {
			isa = XCConfigurationList;
			buildConfigurations = (
				B858B3F31C0FE21B00E5C387 /* Debug */,
				B858B3F41C0FE21B00E5C387 /* Release */,
			);
			defaultConfigurationIsVisible = 0;
			defaultConfigurationName = Release;
		};
/* End XCConfigurationList section */
	};
	rootObject = B858B3CA1C0FE21B00E5C387 /* Project object */;
}
